
Microsoft Visual Studio Solution File, Format Version 12.00
# Visual Studio Version 17
VisualStudioVersion = 17.0.31903.59
MinimumVisualStudioVersion = 10.0.40219.1
Project("{8BC9CEB8-8B4A-11D0-8D11-00A0C91BC942}") = "Main", "Main\Main.vcxproj", "{749D18BB-2570-461F-8A41-20D35AEB1744}"
EndProject
Project("{8BC9CEB8-8B4A-11D0-8D11-00A0C91BC942}") = "Test", "Test\Test.vcxproj", "{47F546DA-9DBF-43F9-9C97-6DE8DF047D18}"
EndProject
Global
	GlobalSection(SolutionConfigurationPlatforms) = preSolution
		Debug|x64 = Debug|x64
		Debug|x86 = Debug|x86
		Release|x64 = Release|x64
		Release|x86 = Release|x86
	EndGlobalSection
	GlobalSection(ProjectConfigurationPlatforms) = postSolution
		{749D18BB-2570-461F-8A41-20D35AEB1744}.Debug|x64.ActiveCfg = Debug|x64
		{749D18BB-2570-461F-8A41-20D35AEB1744}.Debug|x64.Build.0 = Debug|x64
		{749D18BB-2570-461F-8A41-20D35AEB1744}.Debug|x86.ActiveCfg = Debug|Win32
		{749D18BB-2570-461F-8A41-20D35AEB1744}.Debug|x86.Build.0 = Debug|Win32
		{749D18BB-2570-461F-8A41-20D35AEB1744}.Release|x64.ActiveCfg = Release|x64
		{749D18BB-2570-461F-8A41-20D35AEB1744}.Release|x64.Build.0 = Release|x64
		{749D18BB-2570-461F-8A41-20D35AEB1744}.Release|x86.ActiveCfg = Release|Win32
		{749D18BB-2570-461F-8A41-20D35AEB1744}.Release|x86.Build.0 = Release|Win32
		{47F546DA-9DBF-43F9-9C97-6DE8DF047D18}.Debug|x64.ActiveCfg = Debug|x64
		{47F546DA-9DBF-43F9-9C97-6DE8DF047D18}.Debug|x64.Build.0 = Debug|x64
		{47F546DA-9DBF-43F9-9C97-6DE8DF047D18}.Debug|x86.ActiveCfg = Debug|Win32
		{47F546DA-9DBF-43F9-9C97-6DE8DF047D18}.Debug|x86.Build.0 = Debug|Win32
		{47F546DA-9DBF-43F9-9C97-6DE8DF047D18}.Release|x64.ActiveCfg = Release|x64
		{47F546DA-9DBF-43F9-9C97-6DE8DF047D18}.Release|x64.Build.0 = Release|x64
		{47F546DA-9DBF-43F9-9C97-6DE8DF047D18}.Release|x86.ActiveCfg = Release|Win32
		{47F546DA-9DBF-43F9-9C97-6DE8DF047D18}.Release|x86.Build.0 = Release|Win32
	EndGlobalSection
	GlobalSection(SolutionProperties) = preSolution
		HideSolutionNode = FALSE
	EndGlobalSection
	GlobalSection(ExtensibilityGlobals) = postSolution
		SolutionGuid = {626F37DF-F1D1-420E-A7F2-E115C93B6280}
	EndGlobalSection
EndGlobal
